dependencies:
- name: nats
  repository: https://charts.bitnami.com/bitnami
  version: 6.0.0
- name: redis
  repository: https://charts.bitnami.com/bitnami
  version: 12.1.1
- name: etcd
  repository: https://charts.bitnami.com/bitnami
  version: 5.5.0
digest: sha256:a96b6e648306c4d8ac899ec9bd7b7e4403e541370a6f5951eb8308d38427e9d9
generated: "2021-01-11T21:44:57.464541951Z"
