dependencies:
- name: nats
  repository: https://charts.bitnami.com/bitnami
  version: 6.0.0
- name: redis
  repository: https://charts.bitnami.com/bitnami
  version: 12.5.0
- name: etcd
  repository: https://charts.bitnami.com/bitnami
  version: 5.3.0
digest: sha256:bcb79a678b499ac0ddd6b6c7ece74920ae9232ff239f759dc9d9ef399107f632
generated: "2021-01-14T14:01:15.9035021Z"
